
Microsoft Visual Studio Solution File, Format Version 9.00
# Visual Studio 2005
Project("{FAE04EC0-301F-11D3-BF4B-00C04F79EFBC}") = "SMBServer", "SMBServer\SMBServer.csproj", "{70D43E2A-26A2-4046-A472-5BA8C9437612}"
EndProject
Project("{FAE04EC0-301F-11D3-BF4B-00C04F79EFBC}") = "SMBLibrary", "SMBLibrary\SMBLibrary.csproj", "{8D9E8F5D-FD13-4E4C-9723-A333DA2034A7}"
EndProject
Project("{FAE04EC0-301F-11D3-BF4B-00C04F79EFBC}") = "Utilities", "Utilities\Utilities.csproj", "{6E0F2D1E-6167-4032-BA90-DEE3A99207D0}"
EndProject
Project("{FAE04EC0-301F-11D3-BF4B-00C04F79EFBC}") = "SMBLibrary.Win32", "SMBLibrary.Win32\SMBLibrary.Win32.csproj", "{8CE25496-A52B-4841-822F-74C469D10EE7}"
EndProject
Project("{FAE04EC0-301F-11D3-BF4B-00C04F79EFBC}") = "SMBLibrary.Tests", "SMBLibrary.Tests\SMBLibrary.Tests.csproj", "{C79B06EB-32C1-44CA-B7E1-A891B8135658}"
EndProject
Global
	GlobalSection(SolutionConfigurationPlatforms) = preSolution
		Debug|Any CPU = Debug|Any CPU
		Release|Any CPU = Release|Any CPU
	EndGlobalSection
	GlobalSection(ProjectConfigurationPlatforms) = postSolution
		{70D43E2A-26A2-4046-A472-5BA8C9437612}.Debug|Any CPU.ActiveCfg = Debug|Any CPU
		{70D43E2A-26A2-4046-A472-5BA8C9437612}.Debug|Any CPU.Build.0 = Debug|Any CPU
		{70D43E2A-26A2-4046-A472-5BA8C9437612}.Release|Any CPU.ActiveCfg = Release|Any CPU
		{70D43E2A-26A2-4046-A472-5BA8C9437612}.Release|Any CPU.Build.0 = Release|Any CPU
		{8D9E8F5D-FD13-4E4C-9723-A333DA2034A7}.Debug|Any CPU.ActiveCfg = Debug|Any CPU
		{8D9E8F5D-FD13-4E4C-9723-A333DA2034A7}.Debug|Any CPU.Build.0 = Debug|Any CPU
		{8D9E8F5D-FD13-4E4C-9723-A333DA2034A7}.Release|Any CPU.ActiveCfg = Release|Any CPU
		{8D9E8F5D-FD13-4E4C-9723-A333DA2034A7}.Release|Any CPU.Build.0 = Release|Any CPU
		{6E0F2D1E-6167-4032-BA90-DEE3A99207D0}.Debug|Any CPU.ActiveCfg = Debug|Any CPU
		{6E0F2D1E-6167-4032-BA90-DEE3A99207D0}.Debug|Any CPU.Build.0 = Debug|Any CPU
		{6E0F2D1E-6167-4032-BA90-DEE3A99207D0}.Release|Any CPU.ActiveCfg = Release|Any CPU
		{6E0F2D1E-6167-4032-BA90-DEE3A99207D0}.Release|Any CPU.Build.0 = Release|Any CPU
		{8CE25496-A52B-4841-822F-74C469D10EE7}.Debug|Any CPU.ActiveCfg = Debug|Any CPU
		{8CE25496-A52B-4841-822F-74C469D10EE7}.Debug|Any CPU.Build.0 = Debug|Any CPU
		{8CE25496-A52B-4841-822F-74C469D10EE7}.Release|Any CPU.ActiveCfg = Release|Any CPU
		{8CE25496-A52B-4841-822F-74C469D10EE7}.Release|Any CPU.Build.0 = Release|Any CPU
		{C79B06EB-32C1-44CA-B7E1-A891B8135658}.Debug|Any CPU.ActiveCfg = Debug|Any CPU
		{C79B06EB-32C1-44CA-B7E1-A891B8135658}.Debug|Any CPU.Build.0 = Debug|Any CPU
		{C79B06EB-32C1-44CA-B7E1-A891B8135658}.Release|Any CPU.ActiveCfg = Release|Any CPU
		{C79B06EB-32C1-44CA-B7E1-A891B8135658}.Release|Any CPU.Build.0 = Release|Any CPU
	EndGlobalSection
	GlobalSection(SolutionProperties) = preSolution
		HideSolutionNode = FALSE
	EndGlobalSection
EndGlobal
