Microsoft Visual Studio Solution File, Format Version 12.00
# Visual Studio Version 17
VisualStudioVersion = 17.5.2.0
MinimumVisualStudioVersion = 10.0.40219.1
Project("{FAE04EC0-301F-11D3-BF4B-00C04F79EFBC}") = "GuiApplication", "GuiApplication.csproj", "{83338152-78AD-381E-D787-527F6CDB623F}"
EndProject
Global
	GlobalSection(SolutionConfigurationPlatforms) = preSolution
		Debug|Any CPU = Debug|Any CPU
		Release|Any CPU = Release|Any CPU
	EndGlobalSection
	GlobalSection(ProjectConfigurationPlatforms) = postSolution
		{83338152-78AD-381E-D787-527F6CDB623F}.Debug|Any CPU.ActiveCfg = Debug|Any CPU
		{83338152-78AD-381E-D787-527F6CDB623F}.Debug|Any CPU.Build.0 = Debug|Any CPU
		{83338152-78AD-381E-D787-527F6CDB623F}.Release|Any CPU.ActiveCfg = Release|Any CPU
		{83338152-78AD-381E-D787-527F6CDB623F}.Release|Any CPU.Build.0 = Release|Any CPU
	EndGlobalSection
	GlobalSection(SolutionProperties) = preSolution
		HideSolutionNode = FALSE
	EndGlobalSection
	GlobalSection(ExtensibilityGlobals) = postSolution
		SolutionGuid = {392489C2-1D6F-40A5-B3E8-16D12B9B40B8}
	EndGlobalSection
EndGlobal
